
Microsoft Visual Studio Solution File, Format Version 10.00
# Visual Studio 2008
Project("{8BC9CEB8-8B4A-11D0-8D11-00A0C91BC942}") = "game", "game.vcproj", "{C0A05E09-4BBE-41A2-9FC6-6615EFDEBABA}"
EndProject
Global
	GlobalSection(SolutionConfigurationPlatforms) = preSolution
		Debug Alpha|Win32 = Debug Alpha|Win32
		Debug|Win32 = Debug|Win32
		Release Alpha|Win32 = Release Alpha|Win32
		Release|Win32 = Release|Win32
	EndGlobalSection
	GlobalSection(ProjectConfigurationPlatforms) = postSolution
		{C0A05E09-4BBE-41A2-9FC6-6615EFDEBABA}.Debug Alpha|Win32.ActiveCfg = Debug Alpha|Win32
		{C0A05E09-4BBE-41A2-9FC6-6615EFDEBABA}.Debug Alpha|Win32.Build.0 = Debug Alpha|Win32
		{C0A05E09-4BBE-41A2-9FC6-6615EFDEBABA}.Debug|Win32.ActiveCfg = Debug|Win32
		{C0A05E09-4BBE-41A2-9FC6-6615EFDEBABA}.Debug|Win32.Build.0 = Debug|Win32
		{C0A05E09-4BBE-41A2-9FC6-6615EFDEBABA}.Release Alpha|Win32.ActiveCfg = Release Alpha|Win32
		{C0A05E09-4BBE-41A2-9FC6-6615EFDEBABA}.Release Alpha|Win32.Build.0 = Release Alpha|Win32
		{C0A05E09-4BBE-41A2-9FC6-6615EFDEBABA}.Release|Win32.ActiveCfg = Release|Win32
		{C0A05E09-4BBE-41A2-9FC6-6615EFDEBABA}.Release|Win32.Build.0 = Release|Win32
	EndGlobalSection
	GlobalSection(SolutionProperties) = preSolution
		HideSolutionNode = FALSE
	EndGlobalSection
EndGlobal
